// !$*UTF8*$!
{
	archiveVersion = 1;
	classes = {
	};
	objectVersion = 55;
	objects = {

/* Begin PBXBuildFile section */
		3FDB9A3C284C037400A29003 /* swiftui_concurrency_structedApp.swift in Sources */ = {isa = PBXBuildFile; fileRef = 3FDB9A3B284C037400A29003 /* swiftui_concurrency_structedApp.swift */; };
		3FDB9A3E284C037400A29003 /* ContentView.swift in Sources */ = {isa = PBXBuildFile; fileRef = 3FDB9A3D284C037400A29003 /* ContentView.swift */; };
		3FDB9A40284C037600A29003 /* Assets.xcassets in Resources */ = {isa = PBXBuildFile; fileRef = 3FDB9A3F284C037600A29003 /* Assets.xcassets */; };
		3FDB9A43284C037600A29003 /* Preview Assets.xcassets in Resources */ = {isa = PBXBuildFile; fileRef = 3FDB9A42284C037600A29003 /* Preview Assets.xcassets */; };
		3FDB9A4D284C037600A29003 /* swiftui_concurrency_structedTests.swift in Sources */ = {isa = PBXBuildFile; fileRef = 3FDB9A4C284C037600A29003 /* swiftui_concurrency_structedTests.swift */; };
		3FDB9A57284C037600A29003 /* swiftui_concurrency_structedUITests.swift in Sources */ = {isa = PBXBuildFile; fileRef = 3FDB9A56284C037600A29003 /* swiftui_concurrency_structedUITests.swift */; };
		3FDB9A59284C037600A29003 /* swiftui_concurrency_structedUITestsLaunchTests.swift in Sources */ = {isa = PBXBuildFile; fileRef = 3FDB9A58284C037600A29003 /* swiftui_concurrency_structedUITestsLaunchTests.swift */; };
/* End PBXBuildFile section */

/* Begin PBXContainerItemProxy section */
		3FDB9A49284C037600A29003 /* PBXContainerItemProxy */ = {
			isa = PBXContainerItemProxy;
			containerPortal = 3FDB9A30284C037400A29003 /* Project object */;
			proxyType = 1;
			remoteGlobalIDString = 3FDB9A37284C037400A29003;
			remoteInfo = swiftui_concurrency_structed;
		};
		3FDB9A53284C037600A29003 /* PBXContainerItemProxy */ = {
			isa = PBXContainerItemProxy;
			containerPortal = 3FDB9A30284C037400A29003 /* Project object */;
			proxyType = 1;
			remoteGlobalIDString = 3FDB9A37284C037400A29003;
			remoteInfo = swiftui_concurrency_structed;
		};
/* End PBXContainerItemProxy section */

/* Begin PBXFileReference section */
		3FDB9A38284C037400A29003 /* swiftui_concurrency_structed.app */ = {isa = PBXFileReference; explicitFileType = wrapper.application; includeInIndex = 0; path = swiftui_concurrency_structed.app; sourceTree = BUILT_PRODUCTS_DIR; };
		3FDB9A3B284C037400A29003 /* swiftui_concurrency_structedApp.swift */ = {isa = PBXFileReference; lastKnownFileType = sourcecode.swift; path = swiftui_concurrency_structedApp.swift; sourceTree = "<group>"; };
		3FDB9A3D284C037400A29003 /* ContentView.swift */ = {isa = PBXFileReference; lastKnownFileType = sourcecode.swift; path = ContentView.swift; sourceTree = "<group>"; };
		3FDB9A3F284C037600A29003 /* Assets.xcassets */ = {isa = PBXFileReference; lastKnownFileType = folder.assetcatalog; path = Assets.xcassets; sourceTree = "<group>"; };
		3FDB9A42284C037600A29003 /* Preview Assets.xcassets */ = {isa = PBXFileReference; lastKnownFileType = folder.assetcatalog; path = "Preview Assets.xcassets"; sourceTree = "<group>"; };
		3FDB9A48284C037600A29003 /* swiftui_concurrency_structedTests.xctest */ = {isa = PBXFileReference; explicitFileType = wrapper.cfbundle; includeInIndex = 0; path = swiftui_concurrency_structedTests.xctest; sourceTree = BUILT_PRODUCTS_DIR; };
		3FDB9A4C284C037600A29003 /* swiftui_concurrency_structedTests.swift */ = {isa = PBXFileReference; lastKnownFileType = sourcecode.swift; path = swiftui_concurrency_structedTests.swift; sourceTree = "<group>"; };
		3FDB9A52284C037600A29003 /* swiftui_concurrency_structedUITests.xctest */ = {isa = PBXFileReference; explicitFileType = wrapper.cfbundle; includeInIndex = 0; path = swiftui_concurrency_structedUITests.xctest; sourceTree = BUILT_PRODUCTS_DIR; };
		3FDB9A56284C037600A29003 /* swiftui_concurrency_structedUITests.swift */ = {isa = PBXFileReference; lastKnownFileType = sourcecode.swift; path = swiftui_concurrency_structedUITests.swift; sourceTree = "<group>"; };
		3FDB9A58284C037600A29003 /* swiftui_concurrency_structedUITestsLaunchTests.swift */ = {isa = PBXFileReference; lastKnownFileType = sourcecode.swift; path = swiftui_concurrency_structedUITestsLaunchTests.swift; sourceTree = "<group>"; };
/* End PBXFileReference section */

/* Begin PBXFrameworksBuildPhase section */
		3FDB9A35284C037400A29003 /* Frameworks */ = {
			isa = PBXFrameworksBuildPhase;
			buildActionMask = 2147483647;
			files = (
			);
			runOnlyForDeploymentPostprocessing = 0;
		};
		3FDB9A45284C037600A29003 /* Frameworks */ = {
			isa = PBXFrameworksBuildPhase;
			buildActionMask = 2147483647;
			files = (
			);
			runOnlyForDeploymentPostprocessing = 0;
		};
		3FDB9A4F284C037600A29003 /* Frameworks */ = {
			isa = PBXFrameworksBuildPhase;
			buildActionMask = 2147483647;
			files = (
			);
			runOnlyForDeploymentPostprocessing = 0;
		};
/* End PBXFrameworksBuildPhase section */

/* Begin PBXGroup section */
		3FDB9A2F284C037400A29003 = {
			isa = PBXGroup;
			children = (
				3FDB9A3A284C037400A29003 /* swiftui_concurrency_structed */,
				3FDB9A4B284C037600A29003 /* swiftui_concurrency_structedTests */,
				3FDB9A55284C037600A29003 /* swiftui_concurrency_structedUITests */,
				3FDB9A39284C037400A29003 /* Products */,
			);
			sourceTree = "<group>";
		};
		3FDB9A39284C037400A29003 /* Products */ = {
			isa = PBXGroup;
			children = (
				3FDB9A38284C037400A29003 /* swiftui_concurrency_structed.app */,
				3FDB9A48284C037600A29003 /* swiftui_concurrency_structedTests.xctest */,
				3FDB9A52284C037600A29003 /* swiftui_concurrency_structedUITests.xctest */,
			);
			name = Products;
			sourceTree = "<group>";
		};
		3FDB9A3A284C037400A29003 /* swiftui_concurrency_structed */ = {
			isa = PBXGroup;
			children = (
				3FDB9A3B284C037400A29003 /* swiftui_concurrency_structedApp.swift */,
				3FDB9A3D284C037400A29003 /* ContentView.swift */,
				3FDB9A3F284C037600A29003 /* Assets.xcassets */,
				3FDB9A41284C037600A29003 /* Preview Content */,
			);
			path = swiftui_concurrency_structed;
			sourceTree = "<group>";
		};
		3FDB9A41284C037600A29003 /* Preview Content */ = {
			isa = PBXGroup;
			children = (
				3FDB9A42284C037600A29003 /* Preview Assets.xcassets */,
			);
			path = "Preview Content";
			sourceTree = "<group>";
		};
		3FDB9A4B284C037600A29003 /* swiftui_concurrency_structedTests */ = {
			isa = PBXGroup;
			children = (
				3FDB9A4C284C037600A29003 /* swiftui_concurrency_structedTests.swift */,
			);
			path = swiftui_concurrency_structedTests;
			sourceTree = "<group>";
		};
		3FDB9A55284C037600A29003 /* swiftui_concurrency_structedUITests */ = {
			isa = PBXGroup;
			children = (
				3FDB9A56284C037600A29003 /* swiftui_concurrency_structedUITests.swift */,
				3FDB9A58284C037600A29003 /* swiftui_concurrency_structedUITestsLaunchTests.swift */,
			);
			path = swiftui_concurrency_structedUITests;
			sourceTree = "<group>";
		};
/* End PBXGroup section */

/* Begin PBXNativeTarget section */
		3FDB9A37284C037400A29003 /* swiftui_concurrency_structed */ = {
			isa = PBXNativeTarget;
			buildConfigurationList = 3FDB9A5C284C037600A29003 /* Build configuration list for PBXNativeTarget "swiftui_concurrency_structed" */;
			buildPhases = (
				3FDB9A34284C037400A29003 /* Sources */,
				3FDB9A35284C037400A29003 /* Frameworks */,
				3FDB9A36284C037400A29003 /* Resources */,
			);
			buildRules = (
			);
			dependencies = (
			);
			name = swiftui_concurrency_structed;
			productName = swiftui_concurrency_structed;
			productReference = 3FDB9A38284C037400A29003 /* swiftui_concurrency_structed.app */;
			productType = "com.apple.product-type.application";
		};
		3FDB9A47284C037600A29003 /* swiftui_concurrency_structedTests */ = {
			isa = PBXNativeTarget;
			buildConfigurationList = 3FDB9A5F284C037600A29003 /* Build configuration list for PBXNativeTarget "swiftui_concurrency_structedTests" */;
			buildPhases = (
				3FDB9A44284C037600A29003 /* Sources */,
				3FDB9A45284C037600A29003 /* Frameworks */,
				3FDB9A46284C037600A29003 /* Resources */,
			);
			buildRules = (
			);
			dependencies = (
				3FDB9A4A284C037600A29003 /* PBXTargetDependency */,
			);
			name = swiftui_concurrency_structedTests;
			productName = swiftui_concurrency_structedTests;
			productReference = 3FDB9A48284C037600A29003 /* swiftui_concurrency_structedTests.xctest */;
			productType = "com.apple.product-type.bundle.unit-test";
		};
		3FDB9A51284C037600A29003 /* swiftui_concurrency_structedUITests */ = {
			isa = PBXNativeTarget;
			buildConfigurationList = 3FDB9A62284C037600A29003 /* Build configuration list for PBXNativeTarget "swiftui_concurrency_structedUITests" */;
			buildPhases = (
				3FDB9A4E284C037600A29003 /* Sources */,
				3FDB9A4F284C037600A29003 /* Frameworks */,
				3FDB9A50284C037600A29003 /* Resources */,
			);
			buildRules = (
			);
			dependencies = (
				3FDB9A54284C037600A29003 /* PBXTargetDependency */,
			);
			name = swiftui_concurrency_structedUITests;
			productName = swiftui_concurrency_structedUITests;
			productReference = 3FDB9A52284C037600A29003 /* swiftui_concurrency_structedUITests.xctest */;
			productType = "com.apple.product-type.bundle.ui-testing";
		};
/* End PBXNativeTarget section */

/* Begin PBXProject section */
		3FDB9A30284C037400A29003 /* Project object */ = {
			isa = PBXProject;
			attributes = {
				BuildIndependentTargetsInParallel = 1;
				LastSwiftUpdateCheck = 1340;
				LastUpgradeCheck = 1340;
				TargetAttributes = {
					3FDB9A37284C037400A29003 = {
						CreatedOnToolsVersion = 13.4.1;
					};
					3FDB9A47284C037600A29003 = {
						CreatedOnToolsVersion = 13.4.1;
						TestTargetID = 3FDB9A37284C037400A29003;
					};
					3FDB9A51284C037600A29003 = {
						CreatedOnToolsVersion = 13.4.1;
						TestTargetID = 3FDB9A37284C037400A29003;
					};
				};
			};
			buildConfigurationList = 3FDB9A33284C037400A29003 /* Build configuration list for PBXProject "swiftui_concurrency_structed" */;
			compatibilityVersion = "Xcode 13.0";
			developmentRegion = en;
			hasScannedForEncodings = 0;
			knownRegions = (
				en,
				Base,
			);
			mainGroup = 3FDB9A2F284C037400A29003;
			productRefGroup = 3FDB9A39284C037400A29003 /* Products */;
			projectDirPath = "";
			projectRoot = "";
			targets = (
				3FDB9A37284C037400A29003 /* swiftui_concurrency_structed */,
				3FDB9A47284C037600A29003 /* swiftui_concurrency_structedTests */,
				3FDB9A51284C037600A29003 /* swiftui_concurrency_structedUITests */,
			);
		};
/* End PBXProject section */

/* Begin PBXResourcesBuildPhase section */
		3FDB9A36284C037400A29003 /* Resources */ = {
			isa = PBXResourcesBuildPhase;
			buildActionMask = 2147483647;
			files = (
				3FDB9A43284C037600A29003 /* Preview Assets.xcassets in Resources */,
				3FDB9A40284C037600A29003 /* Assets.xcassets in Resources */,
			);
			runOnlyForDeploymentPostprocessing = 0;
		};
		3FDB9A46284C037600A29003 /* Resources */ = {
			isa = PBXResourcesBuildPhase;
			buildActionMask = 2147483647;
			files = (
			);
			runOnlyForDeploymentPostprocessing = 0;
		};
		3FDB9A50284C037600A29003 /* Resources */ = {
			isa = PBXResourcesBuildPhase;
			buildActionMask = 2147483647;
			files = (
			);
			runOnlyForDeploymentPostprocessing = 0;
		};
/* End PBXResourcesBuildPhase section */

/* Begin PBXSourcesBuildPhase section */
		3FDB9A34284C037400A29003 /* Sources */ = {
			isa = PBXSourcesBuildPhase;
			buildActionMask = 2147483647;
			files = (
				3FDB9A3E284C037400A29003 /* ContentView.swift in Sources */,
				3FDB9A3C284C037400A29003 /* swiftui_concurrency_structedApp.swift in Sources */,
			);
			runOnlyForDeploymentPostprocessing = 0;
		};
		3FDB9A44284C037600A29003 /* Sources */ = {
			isa = PBXSourcesBuildPhase;
			buildActionMask = 2147483647;
			files = (
				3FDB9A4D284C037600A29003 /* swiftui_concurrency_structedTests.swift in Sources */,
			);
			runOnlyForDeploymentPostprocessing = 0;
		};
		3FDB9A4E284C037600A29003 /* Sources */ = {
			isa = PBXSourcesBuildPhase;
			buildActionMask = 2147483647;
			files = (
				3FDB9A59284C037600A29003 /* swiftui_concurrency_structedUITestsLaunchTests.swift in Sources */,
				3FDB9A57284C037600A29003 /* swiftui_concurrency_structedUITests.swift in Sources */,
			);
			runOnlyForDeploymentPostprocessing = 0;
		};
/* End PBXSourcesBuildPhase section */

/* Begin PBXTargetDependency section */
		3FDB9A4A284C037600A29003 /* PBXTargetDependency */ = {
			isa = PBXTargetDependency;
			target = 3FDB9A37284C037400A29003 /* swiftui_concurrency_structed */;
			targetProxy = 3FDB9A49284C037600A29003 /* PBXContainerItemProxy */;
		};
		3FDB9A54284C037600A29003 /* PBXTargetDependency */ = {
			isa = PBXTargetDependency;
			target = 3FDB9A37284C037400A29003 /* swiftui_concurrency_structed */;
			targetProxy = 3FDB9A53284C037600A29003 /* PBXContainerItemProxy */;
		};
/* End PBXTargetDependency section */

/* Begin XCBuildConfiguration section */
		3FDB9A5A284C037600A29003 /* Debug */ = {
			isa = XCBuildConfiguration;
			buildSettings = {
				ALWAYS_SEARCH_USER_PATHS = NO;
				CLANG_ANALYZER_NONNULL = YES;
				CLANG_ANALYZER_NUMBER_OBJECT_CONVERSION = YES_AGGRESSIVE;
				CLANG_CXX_LANGUAGE_STANDARD = "gnu++17";
				CLANG_ENABLE_MODULES = YES;
				CLANG_ENABLE_OBJC_ARC = YES;
				CLANG_ENABLE_OBJC_WEAK = YES;
				CLANG_WARN_BLOCK_CAPTURE_AUTORELEASING = YES;
				CLANG_WARN_BOOL_CONVERSION = YES;
				CLANG_WARN_COMMA = YES;
				CLANG_WARN_CONSTANT_CONVERSION = YES;
				CLANG_WARN_DEPRECATED_OBJC_IMPLEMENTATIONS = YES;
				CLANG_WARN_DIRECT_OBJC_ISA_USAGE = YES_ERROR;
				CLANG_WARN_DOCUMENTATION_COMMENTS = YES;
				CLANG_WARN_EMPTY_BODY = YES;
				CLANG_WARN_ENUM_CONVERSION = YES;
				CLANG_WARN_INFINITE_RECURSION = YES;
				CLANG_WARN_INT_CONVERSION = YES;
				CLANG_WARN_NON_LITERAL_NULL_CONVERSION = YES;
				CLANG_WARN_OBJC_IMPLICIT_RETAIN_SELF = YES;
				CLANG_WARN_OBJC_LITERAL_CONVERSION = YES;
				CLANG_WARN_OBJC_ROOT_CLASS = YES_ERROR;
				CLANG_WARN_QUOTED_INCLUDE_IN_FRAMEWORK_HEADER = YES;
				CLANG_WARN_RANGE_LOOP_ANALYSIS = YES;
				CLANG_WARN_STRICT_PROTOTYPES = YES;
				CLANG_WARN_SUSPICIOUS_MOVE = YES;
				CLANG_WARN_UNGUARDED_AVAILABILITY = YES_AGGRESSIVE;
				CLANG_WARN_UNREACHABLE_CODE = YES;
				CLANG_WARN__DUPLICATE_METHOD_MATCH = YES;
				COPY_PHASE_STRIP = NO;
				DEBUG_INFORMATION_FORMAT = dwarf;
				ENABLE_STRICT_OBJC_MSGSEND = YES;
				ENABLE_TESTABILITY = YES;
				GCC_C_LANGUAGE_STANDARD = gnu11;
				GCC_DYNAMIC_NO_PIC = NO;
				GCC_NO_COMMON_BLOCKS = YES;
				GCC_OPTIMIZATION_LEVEL = 0;
				GCC_PREPROCESSOR_DEFINITIONS = (
					"DEBUG=1",
					"$(inherited)",
				);
				GCC_WARN_64_TO_32_BIT_CONVERSION = YES;
				GCC_WARN_ABOUT_RETURN_TYPE = YES_ERROR;
				GCC_WARN_UNDECLARED_SELECTOR = YES;
				GCC_WARN_UNINITIALIZED_AUTOS = YES_AGGRESSIVE;
				GCC_WARN_UNUSED_FUNCTION = YES;
				GCC_WARN_UNUSED_VARIABLE = YES;
				IPHONEOS_DEPLOYMENT_TARGET = 15.5;
				MTL_ENABLE_DEBUG_INFO = INCLUDE_SOURCE;
				MTL_FAST_MATH = YES;
				ONLY_ACTIVE_ARCH = YES;
				SDKROOT = iphoneos;
				SWIFT_ACTIVE_COMPILATION_CONDITIONS = DEBUG;
				SWIFT_OPTIMIZATION_LEVEL = "-Onone";
			};
			name = Debug;
		};
		3FDB9A5B284C037600A29003 /* Release */ = {
			isa = XCBuildConfiguration;
			buildSettings = {
				ALWAYS_SEARCH_USER_PATHS = NO;
				CLANG_ANALYZER_NONNULL = YES;
				CLANG_ANALYZER_NUMBER_OBJECT_CONVERSION = YES_AGGRESSIVE;
				CLANG_CXX_LANGUAGE_STANDARD = "gnu++17";
				CLANG_ENABLE_MODULES = YES;
				CLANG_ENABLE_OBJC_ARC = YES;
				CLANG_ENABLE_OBJC_WEAK = YES;
				CLANG_WARN_BLOCK_CAPTURE_AUTORELEASING = YES;
				CLANG_WARN_BOOL_CONVERSION = YES;
				CLANG_WARN_COMMA = YES;
				CLANG_WARN_CONSTANT_CONVERSION = YES;
				CLANG_WARN_DEPRECATED_OBJC_IMPLEMENTATIONS = YES;
				CLANG_WARN_DIRECT_OBJC_ISA_USAGE = YES_ERROR;
				CLANG_WARN_DOCUMENTATION_COMMENTS = YES;
				CLANG_WARN_EMPTY_BODY = YES;
				CLANG_WARN_ENUM_CONVERSION = YES;
				CLANG_WARN_INFINITE_RECURSION = YES;
				CLANG_WARN_INT_CONVERSION = YES;
				CLANG_WARN_NON_LITERAL_NULL_CONVERSION = YES;
				CLANG_WARN_OBJC_IMPLICIT_RETAIN_SELF = YES;
				CLANG_WARN_OBJC_LITERAL_CONVERSION = YES;
				CLANG_WARN_OBJC_ROOT_CLASS = YES_ERROR;
				CLANG_WARN_QUOTED_INCLUDE_IN_FRAMEWORK_HEADER = YES;
				CLANG_WARN_RANGE_LOOP_ANALYSIS = YES;
				CLANG_WARN_STRICT_PROTOTYPES = YES;
				CLANG_WARN_SUSPICIOUS_MOVE = YES;
				CLANG_WARN_UNGUARDED_AVAILABILITY = YES_AGGRESSIVE;
				CLANG_WARN_UNREACHABLE_CODE = YES;
				CLANG_WARN__DUPLICATE_METHOD_MATCH = YES;
				COPY_PHASE_STRIP = NO;
				DEBUG_INFORMATION_FORMAT = "dwarf-with-dsym";
				ENABLE_NS_ASSERTIONS = NO;
				ENABLE_STRICT_OBJC_MSGSEND = YES;
				GCC_C_LANGUAGE_STANDARD = gnu11;
				GCC_NO_COMMON_BLOCKS = YES;
				GCC_WARN_64_TO_32_BIT_CONVERSION = YES;
				GCC_WARN_ABOUT_RETURN_TYPE = YES_ERROR;
				GCC_WARN_UNDECLARED_SELECTOR = YES;
				GCC_WARN_UNINITIALIZED_AUTOS = YES_AGGRESSIVE;
				GCC_WARN_UNUSED_FUNCTION = YES;
				GCC_WARN_UNUSED_VARIABLE = YES;
				IPHONEOS_DEPLOYMENT_TARGET = 15.5;
				MTL_ENABLE_DEBUG_INFO = NO;
				MTL_FAST_MATH = YES;
				SDKROOT = iphoneos;
				SWIFT_COMPILATION_MODE = wholemodule;
				SWIFT_OPTIMIZATION_LEVEL = "-O";
				VALIDATE_PRODUCT = YES;
			};
			name = Release;
		};
		3FDB9A5D284C037600A29003 /* Debug */ = {
			isa = XCBuildConfiguration;
			buildSettings = {
				ASSETCATALOG_COMPILER_APPICON_NAME = AppIcon;
				ASSETCATALOG_COMPILER_GLOBAL_ACCENT_COLOR_NAME = AccentColor;
				CODE_SIGN_STYLE = Automatic;
				CURRENT_PROJECT_VERSION = 1;
				DEVELOPMENT_ASSET_PATHS = "\"swiftui_concurrency_structed/Preview Content\"";
				DEVELOPMENT_TEAM = EUPL5H953B;
				ENABLE_PREVIEWS = YES;
				GENERATE_INFOPLIST_FILE = YES;
				INFOPLIST_KEY_UIApplicationSceneManifest_Generation = YES;
				INFOPLIST_KEY_UIApplicationSupportsIndirectInputEvents = YES;
				INFOPLIST_KEY_UILaunchScreen_Generation = YES;
				INFOPLIST_KEY_UISupportedInterfaceOrientations_iPad = "UIInterfaceOrientationPortrait UIInterfaceOrientationPortraitUpsideDown UIInterfaceOrientationLandscapeLeft UIInterfaceOrientationLandscapeRight";
				INFOPLIST_KEY_UISupportedInterfaceOrientations_iPhone = "UIInterfaceOrientationPortrait UIInterfaceOrientationLandscapeLeft UIInterfaceOrientationLandscapeRight";
				LD_RUNPATH_SEARCH_PATHS = (
					"$(inherited)",
					"@executable_path/Frameworks",
				);
				MARKETING_VERSION = 1.0;
				PRODUCT_BUNDLE_IDENTIFIER = "studiostorquato.swiftui-concurrency-structed";
				PRODUCT_NAME = "$(TARGET_NAME)";
				SWIFT_EMIT_LOC_STRINGS = YES;
				SWIFT_VERSION = 5.0;
				TARGETED_DEVICE_FAMILY = "1,2";
			};
			name = Debug;
		};
		3FDB9A5E284C037600A29003 /* Release */ = {
			isa = XCBuildConfiguration;
			buildSettings = {
				ASSETCATALOG_COMPILER_APPICON_NAME = AppIcon;
				ASSETCATALOG_COMPILER_GLOBAL_ACCENT_COLOR_NAME = AccentColor;
				CODE_SIGN_STYLE = Automatic;
				CURRENT_PROJECT_VERSION = 1;
				DEVELOPMENT_ASSET_PATHS = "\"swiftui_concurrency_structed/Preview Content\"";
				DEVELOPMENT_TEAM = EUPL5H953B;
				ENABLE_PREVIEWS = YES;
				GENERATE_INFOPLIST_FILE = YES;
				INFOPLIST_KEY_UIApplicationSceneManifest_Generation = YES;
				INFOPLIST_KEY_UIApplicationSupportsIndirectInputEvents = YES;
				INFOPLIST_KEY_UILaunchScreen_Generation = YES;
				INFOPLIST_KEY_UISupportedInterfaceOrientations_iPad = "UIInterfaceOrientationPortrait UIInterfaceOrientationPortraitUpsideDown UIInterfaceOrientationLandscapeLeft UIInterfaceOrientationLandscapeRight";
				INFOPLIST_KEY_UISupportedInterfaceOrientations_iPhone = "UIInterfaceOrientationPortrait UIInterfaceOrientationLandscapeLeft UIInterfaceOrientationLandscapeRight";
				LD_RUNPATH_SEARCH_PATHS = (
					"$(inherited)",
					"@executable_path/Frameworks",
				);
				MARKETING_VERSION = 1.0;
				PRODUCT_BUNDLE_IDENTIFIER = "studiostorquato.swiftui-concurrency-structed";
				PRODUCT_NAME = "$(TARGET_NAME)";
				SWIFT_EMIT_LOC_STRINGS = YES;
				SWIFT_VERSION = 5.0;
				TARGETED_DEVICE_FAMILY = "1,2";
			};
			name = Release;
		};
		3FDB9A60284C037600A29003 /* Debug */ = {
			isa = XCBuildConfiguration;
			buildSettings = {
				ALWAYS_EMBED_SWIFT_STANDARD_LIBRARIES = YES;
				BUNDLE_LOADER = "$(TEST_HOST)";
				CODE_SIGN_STYLE = Automatic;
				CURRENT_PROJECT_VERSION = 1;
				DEVELOPMENT_TEAM = EUPL5H953B;
				GENERATE_INFOPLIST_FILE = YES;
				IPHONEOS_DEPLOYMENT_TARGET = 15.5;
				MARKETING_VERSION = 1.0;
				PRODUCT_BUNDLE_IDENTIFIER = "studiostorquato.swiftui-concurrency-structedTests";
				PRODUCT_NAME = "$(TARGET_NAME)";
				SWIFT_EMIT_LOC_STRINGS = NO;
				SWIFT_VERSION = 5.0;
				TARGETED_DEVICE_FAMILY = "1,2";
				TEST_HOST = "$(BUILT_PRODUCTS_DIR)/swiftui_concurrency_structed.app/swiftui_concurrency_structed";
			};
			name = Debug;
		};
		3FDB9A61284C037600A29003 /* Release */ = {
			isa = XCBuildConfiguration;
			buildSettings = {
				ALWAYS_EMBED_SWIFT_STANDARD_LIBRARIES = YES;
				BUNDLE_LOADER = "$(TEST_HOST)";
				CODE_SIGN_STYLE = Automatic;
				CURRENT_PROJECT_VERSION = 1;
				DEVELOPMENT_TEAM = EUPL5H953B;
				GENERATE_INFOPLIST_FILE = YES;
				IPHONEOS_DEPLOYMENT_TARGET = 15.5;
				MARKETING_VERSION = 1.0;
				PRODUCT_BUNDLE_IDENTIFIER = "studiostorquato.swiftui-concurrency-structedTests";
				PRODUCT_NAME = "$(TARGET_NAME)";
				SWIFT_EMIT_LOC_STRINGS = NO;
				SWIFT_VERSION = 5.0;
				TARGETED_DEVICE_FAMILY = "1,2";
				TEST_HOST = "$(BUILT_PRODUCTS_DIR)/swiftui_concurrency_structed.app/swiftui_concurrency_structed";
			};
			name = Release;
		};
		3FDB9A63284C037600A29003 /* Debug */ = {
			isa = XCBuildConfiguration;
			buildSettings = {
				ALWAYS_EMBED_SWIFT_STANDARD_LIBRARIES = YES;
				CODE_SIGN_STYLE = Automatic;
				CURRENT_PROJECT_VERSION = 1;
				DEVELOPMENT_TEAM = EUPL5H953B;
				GENERATE_INFOPLIST_FILE = YES;
				MARKETING_VERSION = 1.0;
				PRODUCT_BUNDLE_IDENTIFIER = "studiostorquato.swiftui-concurrency-structedUITests";
				PRODUCT_NAME = "$(TARGET_NAME)";
				SWIFT_EMIT_LOC_STRINGS = NO;
				SWIFT_VERSION = 5.0;
				TARGETED_DEVICE_FAMILY = "1,2";
				TEST_TARGET_NAME = swiftui_concurrency_structed;
			};
			name = Debug;
		};
		3FDB9A64284C037600A29003 /* Release */ = {
			isa = XCBuildConfiguration;
			buildSettings = {
				ALWAYS_EMBED_SWIFT_STANDARD_LIBRARIES = YES;
				CODE_SIGN_STYLE = Automatic;
				CURRENT_PROJECT_VERSION = 1;
				DEVELOPMENT_TEAM = EUPL5H953B;
				GENERATE_INFOPLIST_FILE = YES;
				MARKETING_VERSION = 1.0;
				PRODUCT_BUNDLE_IDENTIFIER = "studiostorquato.swiftui-concurrency-structedUITests";
				PRODUCT_NAME = "$(TARGET_NAME)";
				SWIFT_EMIT_LOC_STRINGS = NO;
				SWIFT_VERSION = 5.0;
				TARGETED_DEVICE_FAMILY = "1,2";
				TEST_TARGET_NAME = swiftui_concurrency_structed;
			};
			name = Release;
		};
/* End XCBuildConfiguration section */

/* Begin XCConfigurationList section */
		3FDB9A33284C037400A29003 /* Build configuration list for PBXProject "swiftui_concurrency_structed" */ = {
			isa = XCConfigurationList;
			buildConfigurations = (
				3FDB9A5A284C037600A29003 /* Debug */,
				3FDB9A5B284C037600A29003 /* Release */,
			);
			defaultConfigurationIsVisible = 0;
			defaultConfigurationName = Release;
		};
		3FDB9A5C284C037600A29003 /* Build configuration list for PBXNativeTarget "swiftui_concurrency_structed" */ = {
			isa = XCConfigurationList;
			buildConfigurations = (
				3FDB9A5D284C037600A29003 /* Debug */,
				3FDB9A5E284C037600A29003 /* Release */,
			);
			defaultConfigurationIsVisible = 0;
			defaultConfigurationName = Release;
		};
		3FDB9A5F284C037600A29003 /* Build configuration list for PBXNativeTarget "swiftui_concurrency_structedTests" */ = {
			isa = XCConfigurationList;
			buildConfigurations = (
				3FDB9A60284C037600A29003 /* Debug */,
				3FDB9A61284C037600A29003 /* Release */,
			);
			defaultConfigurationIsVisible = 0;
			defaultConfigurationName = Release;
		};
		3FDB9A62284C037600A29003 /* Build configuration list for PBXNativeTarget "swiftui_concurrency_structedUITests" */ = {
			isa = XCConfigurationList;
			buildConfigurations = (
				3FDB9A63284C037600A29003 /* Debug */,
				3FDB9A64284C037600A29003 /* Release */,
			);
			defaultConfigurationIsVisible = 0;
			defaultConfigurationName = Release;
		};
/* End XCConfigurationList section */
	};
	rootObject = 3FDB9A30284C037400A29003 /* Project object */;
}
